
Microsoft Visual Studio Solution File, Format Version 12.00
Project("{FAE04EC0-301F-11D3-BF4B-00C04F79EFBC}") = "OutVariables", "OutVariables\OutVariables.csproj", "{265C7D4D-0CB4-4EE0-AE66-FE2EFC6F2B7B}"
EndProject
Project("{FAE04EC0-301F-11D3-BF4B-00C04F79EFBC}") = "TuplesAndDeconstruction", "TuplesAndDeconstruction\TuplesAndDeconstruction.csproj", "{C259BF4C-D422-4238-8048-79B5866D7A06}"
EndProject
Project("{FAE04EC0-301F-11D3-BF4B-00C04F79EFBC}") = "PatternMatching", "PatternMatching\PatternMatching.csproj", "{30770889-61E5-49D0-9F53-ADAD6EB97FBD}"
EndProject
Project("{FAE04EC0-301F-11D3-BF4B-00C04F79EFBC}") = "LocalFunctions", "LocalFunctions\LocalFunctions.csproj", "{2DD73002-1141-4193-AEF6-7220906BB9E4}"
EndProject
Project("{FAE04EC0-301F-11D3-BF4B-00C04F79EFBC}") = "ExpressionBodiedMembers", "ExpressionBodiedMembers\ExpressionBodiedMembers.csproj", "{743CC0A7-BC0F-43DE-BE06-8DC5AF80F14A}"
EndProject
Project("{FAE04EC0-301F-11D3-BF4B-00C04F79EFBC}") = "RefLocals", "RefLocals\RefLocals.csproj", "{F66C83A2-8C94-44FE-91BE-B429240A3E55}"
EndProject
Project("{FAE04EC0-301F-11D3-BF4B-00C04F79EFBC}") = "RefReturns", "RefReturns\RefReturns.csproj", "{04C08D48-CBCE-46C2-93B4-7A6D6A881A91}"
EndProject
Project("{FAE04EC0-301F-11D3-BF4B-00C04F79EFBC}") = "Discards", "Discards\Discards.csproj", "{8D0E5F3B-9AB9-4C15-B8C6-59D258BA6D2A}"
EndProject
Project("{FAE04EC0-301F-11D3-BF4B-00C04F79EFBC}") = "BinaryLiteralsAndDigitSeparators", "BinaryLiteralsAndDigitSeparators\BinaryLiteralsAndDigitSeparators.csproj", "{D5B92A84-4E14-4783-B132-CBFE5F377232}"
EndProject
Project("{FAE04EC0-301F-11D3-BF4B-00C04F79EFBC}") = "ThrowExpressions", "ThrowExpressions\ThrowExpressions.csproj", "{0956DDB3-A552-400F-998F-D8A390CBC472}"
EndProject
Global
	GlobalSection(SolutionConfigurationPlatforms) = preSolution
		Debug|Any CPU = Debug|Any CPU
		Release|Any CPU = Release|Any CPU
	EndGlobalSection
	GlobalSection(ProjectConfigurationPlatforms) = postSolution
		{265C7D4D-0CB4-4EE0-AE66-FE2EFC6F2B7B}.Debug|Any CPU.ActiveCfg = Debug|Any CPU
		{265C7D4D-0CB4-4EE0-AE66-FE2EFC6F2B7B}.Debug|Any CPU.Build.0 = Debug|Any CPU
		{265C7D4D-0CB4-4EE0-AE66-FE2EFC6F2B7B}.Release|Any CPU.ActiveCfg = Release|Any CPU
		{265C7D4D-0CB4-4EE0-AE66-FE2EFC6F2B7B}.Release|Any CPU.Build.0 = Release|Any CPU
		{C259BF4C-D422-4238-8048-79B5866D7A06}.Debug|Any CPU.ActiveCfg = Debug|Any CPU
		{C259BF4C-D422-4238-8048-79B5866D7A06}.Debug|Any CPU.Build.0 = Debug|Any CPU
		{C259BF4C-D422-4238-8048-79B5866D7A06}.Release|Any CPU.ActiveCfg = Release|Any CPU
		{C259BF4C-D422-4238-8048-79B5866D7A06}.Release|Any CPU.Build.0 = Release|Any CPU
		{30770889-61E5-49D0-9F53-ADAD6EB97FBD}.Debug|Any CPU.ActiveCfg = Debug|Any CPU
		{30770889-61E5-49D0-9F53-ADAD6EB97FBD}.Debug|Any CPU.Build.0 = Debug|Any CPU
		{30770889-61E5-49D0-9F53-ADAD6EB97FBD}.Release|Any CPU.ActiveCfg = Release|Any CPU
		{30770889-61E5-49D0-9F53-ADAD6EB97FBD}.Release|Any CPU.Build.0 = Release|Any CPU
		{2DD73002-1141-4193-AEF6-7220906BB9E4}.Debug|Any CPU.ActiveCfg = Debug|Any CPU
		{2DD73002-1141-4193-AEF6-7220906BB9E4}.Debug|Any CPU.Build.0 = Debug|Any CPU
		{2DD73002-1141-4193-AEF6-7220906BB9E4}.Release|Any CPU.ActiveCfg = Release|Any CPU
		{2DD73002-1141-4193-AEF6-7220906BB9E4}.Release|Any CPU.Build.0 = Release|Any CPU
		{743CC0A7-BC0F-43DE-BE06-8DC5AF80F14A}.Debug|Any CPU.ActiveCfg = Debug|Any CPU
		{743CC0A7-BC0F-43DE-BE06-8DC5AF80F14A}.Debug|Any CPU.Build.0 = Debug|Any CPU
		{743CC0A7-BC0F-43DE-BE06-8DC5AF80F14A}.Release|Any CPU.ActiveCfg = Release|Any CPU
		{743CC0A7-BC0F-43DE-BE06-8DC5AF80F14A}.Release|Any CPU.Build.0 = Release|Any CPU
		{F66C83A2-8C94-44FE-91BE-B429240A3E55}.Debug|Any CPU.ActiveCfg = Debug|Any CPU
		{F66C83A2-8C94-44FE-91BE-B429240A3E55}.Debug|Any CPU.Build.0 = Debug|Any CPU
		{F66C83A2-8C94-44FE-91BE-B429240A3E55}.Release|Any CPU.ActiveCfg = Release|Any CPU
		{F66C83A2-8C94-44FE-91BE-B429240A3E55}.Release|Any CPU.Build.0 = Release|Any CPU
		{04C08D48-CBCE-46C2-93B4-7A6D6A881A91}.Debug|Any CPU.ActiveCfg = Debug|Any CPU
		{04C08D48-CBCE-46C2-93B4-7A6D6A881A91}.Debug|Any CPU.Build.0 = Debug|Any CPU
		{04C08D48-CBCE-46C2-93B4-7A6D6A881A91}.Release|Any CPU.ActiveCfg = Release|Any CPU
		{04C08D48-CBCE-46C2-93B4-7A6D6A881A91}.Release|Any CPU.Build.0 = Release|Any CPU
		{8D0E5F3B-9AB9-4C15-B8C6-59D258BA6D2A}.Debug|Any CPU.ActiveCfg = Debug|Any CPU
		{8D0E5F3B-9AB9-4C15-B8C6-59D258BA6D2A}.Debug|Any CPU.Build.0 = Debug|Any CPU
		{8D0E5F3B-9AB9-4C15-B8C6-59D258BA6D2A}.Release|Any CPU.ActiveCfg = Release|Any CPU
		{8D0E5F3B-9AB9-4C15-B8C6-59D258BA6D2A}.Release|Any CPU.Build.0 = Release|Any CPU
		{D5B92A84-4E14-4783-B132-CBFE5F377232}.Debug|Any CPU.ActiveCfg = Debug|Any CPU
		{D5B92A84-4E14-4783-B132-CBFE5F377232}.Debug|Any CPU.Build.0 = Debug|Any CPU
		{D5B92A84-4E14-4783-B132-CBFE5F377232}.Release|Any CPU.ActiveCfg = Release|Any CPU
		{D5B92A84-4E14-4783-B132-CBFE5F377232}.Release|Any CPU.Build.0 = Release|Any CPU
		{0956DDB3-A552-400F-998F-D8A390CBC472}.Debug|Any CPU.ActiveCfg = Debug|Any CPU
		{0956DDB3-A552-400F-998F-D8A390CBC472}.Debug|Any CPU.Build.0 = Debug|Any CPU
		{0956DDB3-A552-400F-998F-D8A390CBC472}.Release|Any CPU.ActiveCfg = Release|Any CPU
		{0956DDB3-A552-400F-998F-D8A390CBC472}.Release|Any CPU.Build.0 = Release|Any CPU
	EndGlobalSection
EndGlobal
